
Microsoft Visual Studio Solution File, Format Version 12.00
# Visual Studio 15
VisualStudioVersion = 15.0.26430.16
MinimumVisualStudioVersion = 10.0.40219.1
Project("{FAE04EC0-301F-11D3-BF4B-00C04F79EFBC}") = "BetterDiscordWI", "BetterDiscordWI\BetterDiscordWI.csproj", "{390615F1-CE33-4173-9E8C-4E4F3EB1758D}"
EndProject
Global
	GlobalSection(SolutionConfigurationPlatforms) = preSolution
		Debug|Any CPU = Debug|Any CPU
		Release|Any CPU = Release|Any CPU
	EndGlobalSection
	GlobalSection(ProjectConfigurationPlatforms) = postSolution
		{390615F1-CE33-4173-9E8C-4E4F3EB1758D}.Debug|Any CPU.ActiveCfg = Debug|Any CPU
		{390615F1-CE33-4173-9E8C-4E4F3EB1758D}.Debug|Any CPU.Build.0 = Debug|Any CPU
		{390615F1-CE33-4173-9E8C-4E4F3EB1758D}.Release|Any CPU.ActiveCfg = Release|Any CPU
		{390615F1-CE33-4173-9E8C-4E4F3EB1758D}.Release|Any CPU.Build.0 = Release|Any CPU
	EndGlobalSection
	GlobalSection(SolutionProperties) = preSolution
		HideSolutionNode = FALSE
	EndGlobalSection
EndGlobal
